
Microsoft Visual Studio Solution File, Format Version 12.00
# Visual Studio Version 17
VisualStudioVersion = 17.2.32602.215
MinimumVisualStudioVersion = 10.0.40219.1
Project("{FAE04EC0-301F-11D3-BF4B-00C04F79EFBC}") = "Products", "Products\Products.csproj", "{CAF44D83-0453-47A2-B1C0-AE494FBA7C7B}"
EndProject
Project("{FAE04EC0-301F-11D3-BF4B-00C04F79EFBC}") = "Products.Service", "Products.Service\Products.Service.csproj", "{E6A955BF-3DF4-46AF-A037-B0D144A7840A}"
EndProject
Project("{FAE04EC0-301F-11D3-BF4B-00C04F79EFBC}") = "Products.Entities", "Products.Entities\Products.Entities.csproj", "{166C7C27-708C-4554-938A-BA9A44862124}"
EndProject
Project("{FAE04EC0-301F-11D3-BF4B-00C04F79EFBC}") = "Products.Repo", "Products.Repo\Products.Repo.csproj", "{E8EA533B-2C5B-42AB-BF56-3A8B96E4209B}"
EndProject
Global
	GlobalSection(SolutionConfigurationPlatforms) = preSolution
		Debug|Any CPU = Debug|Any CPU
		Release|Any CPU = Release|Any CPU
	EndGlobalSection
	GlobalSection(ProjectConfigurationPlatforms) = postSolution
		{CAF44D83-0453-47A2-B1C0-AE494FBA7C7B}.Debug|Any CPU.ActiveCfg = Debug|Any CPU
		{CAF44D83-0453-47A2-B1C0-AE494FBA7C7B}.Debug|Any CPU.Build.0 = Debug|Any CPU
		{CAF44D83-0453-47A2-B1C0-AE494FBA7C7B}.Release|Any CPU.ActiveCfg = Release|Any CPU
		{CAF44D83-0453-47A2-B1C0-AE494FBA7C7B}.Release|Any CPU.Build.0 = Release|Any CPU
		{E6A955BF-3DF4-46AF-A037-B0D144A7840A}.Debug|Any CPU.ActiveCfg = Debug|Any CPU
		{E6A955BF-3DF4-46AF-A037-B0D144A7840A}.Debug|Any CPU.Build.0 = Debug|Any CPU
		{E6A955BF-3DF4-46AF-A037-B0D144A7840A}.Release|Any CPU.ActiveCfg = Release|Any CPU
		{E6A955BF-3DF4-46AF-A037-B0D144A7840A}.Release|Any CPU.Build.0 = Release|Any CPU
		{166C7C27-708C-4554-938A-BA9A44862124}.Debug|Any CPU.ActiveCfg = Debug|Any CPU
		{166C7C27-708C-4554-938A-BA9A44862124}.Debug|Any CPU.Build.0 = Debug|Any CPU
		{166C7C27-708C-4554-938A-BA9A44862124}.Release|Any CPU.ActiveCfg = Release|Any CPU
		{166C7C27-708C-4554-938A-BA9A44862124}.Release|Any CPU.Build.0 = Release|Any CPU
		{E8EA533B-2C5B-42AB-BF56-3A8B96E4209B}.Debug|Any CPU.ActiveCfg = Debug|Any CPU
		{E8EA533B-2C5B-42AB-BF56-3A8B96E4209B}.Debug|Any CPU.Build.0 = Debug|Any CPU
		{E8EA533B-2C5B-42AB-BF56-3A8B96E4209B}.Release|Any CPU.ActiveCfg = Release|Any CPU
		{E8EA533B-2C5B-42AB-BF56-3A8B96E4209B}.Release|Any CPU.Build.0 = Release|Any CPU
	EndGlobalSection
	GlobalSection(SolutionProperties) = preSolution
		HideSolutionNode = FALSE
	EndGlobalSection
	GlobalSection(ExtensibilityGlobals) = postSolution
		SolutionGuid = {85EF342B-6522-45F6-BA64-EF34C15474D7}
	EndGlobalSection
EndGlobal
